
Microsoft Visual Studio Solution File, Format Version 12.00
# Visual Studio Version 16
VisualStudioVersion = 16.0.30114.105
MinimumVisualStudioVersion = 10.0.40219.1
Project("{9A19103F-16F7-4668-BE54-9A1E7A4F7556}") = "Wisdom", "src\Wisdom\Wisdom.csproj", "{EFBF77A8-95E6-49E5-97E7-4CF6B15526BA}"
EndProject
Project("{9A19103F-16F7-4668-BE54-9A1E7A4F7556}") = "Wisdom.Tests", "src\Wisdom.Tests\Wisdom.Tests.csproj", "{16D80FA1-7052-4BC2-A446-BCB5F507200D}"
EndProject
Project("{FAE04EC0-301F-11D3-BF4B-00C04F79EFBC}") = "Wisdom.Modules.Products", "src\Wisdom.Modules.Products\Wisdom.Modules.Products.csproj", "{219ACADC-83B2-4BCC-8089-4C62954CCBED}"
EndProject
Project("{FAE04EC0-301F-11D3-BF4B-00C04F79EFBC}") = "Wisdom.Modules.Web", "src\Wisdom.Modules.Web\Wisdom.Modules.Web.csproj", "{0D2812DF-16D7-4AB2-8C8A-4E3A23634B76}"
EndProject
Global
	GlobalSection(SolutionConfigurationPlatforms) = preSolution
		Debug|Any CPU = Debug|Any CPU
		Debug|x64 = Debug|x64
		Debug|x86 = Debug|x86
		Release|Any CPU = Release|Any CPU
		Release|x64 = Release|x64
		Release|x86 = Release|x86
	EndGlobalSection
	GlobalSection(ProjectConfigurationPlatforms) = postSolution
		{EFBF77A8-95E6-49E5-97E7-4CF6B15526BA}.Debug|Any CPU.ActiveCfg = Debug|Any CPU
		{EFBF77A8-95E6-49E5-97E7-4CF6B15526BA}.Debug|Any CPU.Build.0 = Debug|Any CPU
		{EFBF77A8-95E6-49E5-97E7-4CF6B15526BA}.Debug|x64.ActiveCfg = Debug|Any CPU
		{EFBF77A8-95E6-49E5-97E7-4CF6B15526BA}.Debug|x64.Build.0 = Debug|Any CPU
		{EFBF77A8-95E6-49E5-97E7-4CF6B15526BA}.Debug|x86.ActiveCfg = Debug|Any CPU
		{EFBF77A8-95E6-49E5-97E7-4CF6B15526BA}.Debug|x86.Build.0 = Debug|Any CPU
		{EFBF77A8-95E6-49E5-97E7-4CF6B15526BA}.Release|Any CPU.ActiveCfg = Release|Any CPU
		{EFBF77A8-95E6-49E5-97E7-4CF6B15526BA}.Release|Any CPU.Build.0 = Release|Any CPU
		{EFBF77A8-95E6-49E5-97E7-4CF6B15526BA}.Release|x64.ActiveCfg = Release|Any CPU
		{EFBF77A8-95E6-49E5-97E7-4CF6B15526BA}.Release|x64.Build.0 = Release|Any CPU
		{EFBF77A8-95E6-49E5-97E7-4CF6B15526BA}.Release|x86.ActiveCfg = Release|Any CPU
		{EFBF77A8-95E6-49E5-97E7-4CF6B15526BA}.Release|x86.Build.0 = Release|Any CPU
		{16D80FA1-7052-4BC2-A446-BCB5F507200D}.Debug|Any CPU.ActiveCfg = Debug|Any CPU
		{16D80FA1-7052-4BC2-A446-BCB5F507200D}.Debug|Any CPU.Build.0 = Debug|Any CPU
		{16D80FA1-7052-4BC2-A446-BCB5F507200D}.Debug|x64.ActiveCfg = Debug|Any CPU
		{16D80FA1-7052-4BC2-A446-BCB5F507200D}.Debug|x64.Build.0 = Debug|Any CPU
		{16D80FA1-7052-4BC2-A446-BCB5F507200D}.Debug|x86.ActiveCfg = Debug|Any CPU
		{16D80FA1-7052-4BC2-A446-BCB5F507200D}.Debug|x86.Build.0 = Debug|Any CPU
		{16D80FA1-7052-4BC2-A446-BCB5F507200D}.Release|Any CPU.ActiveCfg = Release|Any CPU
		{16D80FA1-7052-4BC2-A446-BCB5F507200D}.Release|Any CPU.Build.0 = Release|Any CPU
		{16D80FA1-7052-4BC2-A446-BCB5F507200D}.Release|x64.ActiveCfg = Release|Any CPU
		{16D80FA1-7052-4BC2-A446-BCB5F507200D}.Release|x64.Build.0 = Release|Any CPU
		{16D80FA1-7052-4BC2-A446-BCB5F507200D}.Release|x86.ActiveCfg = Release|Any CPU
		{16D80FA1-7052-4BC2-A446-BCB5F507200D}.Release|x86.Build.0 = Release|Any CPU
		{219ACADC-83B2-4BCC-8089-4C62954CCBED}.Debug|Any CPU.ActiveCfg = Debug|Any CPU
		{219ACADC-83B2-4BCC-8089-4C62954CCBED}.Debug|Any CPU.Build.0 = Debug|Any CPU
		{219ACADC-83B2-4BCC-8089-4C62954CCBED}.Debug|x64.ActiveCfg = Debug|Any CPU
		{219ACADC-83B2-4BCC-8089-4C62954CCBED}.Debug|x64.Build.0 = Debug|Any CPU
		{219ACADC-83B2-4BCC-8089-4C62954CCBED}.Debug|x86.ActiveCfg = Debug|Any CPU
		{219ACADC-83B2-4BCC-8089-4C62954CCBED}.Debug|x86.Build.0 = Debug|Any CPU
		{219ACADC-83B2-4BCC-8089-4C62954CCBED}.Release|Any CPU.ActiveCfg = Release|Any CPU
		{219ACADC-83B2-4BCC-8089-4C62954CCBED}.Release|Any CPU.Build.0 = Release|Any CPU
		{219ACADC-83B2-4BCC-8089-4C62954CCBED}.Release|x64.ActiveCfg = Release|Any CPU
		{219ACADC-83B2-4BCC-8089-4C62954CCBED}.Release|x64.Build.0 = Release|Any CPU
		{219ACADC-83B2-4BCC-8089-4C62954CCBED}.Release|x86.ActiveCfg = Release|Any CPU
		{219ACADC-83B2-4BCC-8089-4C62954CCBED}.Release|x86.Build.0 = Release|Any CPU
		{0D2812DF-16D7-4AB2-8C8A-4E3A23634B76}.Debug|Any CPU.ActiveCfg = Debug|Any CPU
		{0D2812DF-16D7-4AB2-8C8A-4E3A23634B76}.Debug|Any CPU.Build.0 = Debug|Any CPU
		{0D2812DF-16D7-4AB2-8C8A-4E3A23634B76}.Debug|x64.ActiveCfg = Debug|Any CPU
		{0D2812DF-16D7-4AB2-8C8A-4E3A23634B76}.Debug|x64.Build.0 = Debug|Any CPU
		{0D2812DF-16D7-4AB2-8C8A-4E3A23634B76}.Debug|x86.ActiveCfg = Debug|Any CPU
		{0D2812DF-16D7-4AB2-8C8A-4E3A23634B76}.Debug|x86.Build.0 = Debug|Any CPU
		{0D2812DF-16D7-4AB2-8C8A-4E3A23634B76}.Release|Any CPU.ActiveCfg = Release|Any CPU
		{0D2812DF-16D7-4AB2-8C8A-4E3A23634B76}.Release|Any CPU.Build.0 = Release|Any CPU
		{0D2812DF-16D7-4AB2-8C8A-4E3A23634B76}.Release|x64.ActiveCfg = Release|Any CPU
		{0D2812DF-16D7-4AB2-8C8A-4E3A23634B76}.Release|x64.Build.0 = Release|Any CPU
		{0D2812DF-16D7-4AB2-8C8A-4E3A23634B76}.Release|x86.ActiveCfg = Release|Any CPU
		{0D2812DF-16D7-4AB2-8C8A-4E3A23634B76}.Release|x86.Build.0 = Release|Any CPU
	EndGlobalSection
	GlobalSection(SolutionProperties) = preSolution
		HideSolutionNode = FALSE
	EndGlobalSection
	GlobalSection(ExtensibilityGlobals) = postSolution
		SolutionGuid = {BC149E00-13B6-46E9-9FDE-3D67EC9F0B94}
	EndGlobalSection
EndGlobal
